
Microsoft Visual Studio Solution File, Format Version 12.00
# Visual Studio Version 16
VisualStudioVersion = 16.0.29025.244
MinimumVisualStudioVersion = 10.0.40219.1
Project("{FAE04EC0-301F-11D3-BF4B-00C04F79EFBC}") = "Extract-text-specific-page", "Extract-text-specific-page\Extract-text-specific-page.csproj", "{3A6A65BA-906D-4CDB-B084-D70AFF283BF8}"
EndProject
Global
	GlobalSection(SolutionConfigurationPlatforms) = preSolution
		Debug|Any CPU = Debug|Any CPU
		Release|Any CPU = Release|Any CPU
	EndGlobalSection
	GlobalSection(ProjectConfigurationPlatforms) = postSolution
		{3A6A65BA-906D-4CDB-B084-D70AFF283BF8}.Debug|Any CPU.ActiveCfg = Debug|Any CPU
		{3A6A65BA-906D-4CDB-B084-D70AFF283BF8}.Debug|Any CPU.Build.0 = Debug|Any CPU
		{3A6A65BA-906D-4CDB-B084-D70AFF283BF8}.Release|Any CPU.ActiveCfg = Release|Any CPU
		{3A6A65BA-906D-4CDB-B084-D70AFF283BF8}.Release|Any CPU.Build.0 = Release|Any CPU
	EndGlobalSection
	GlobalSection(SolutionProperties) = preSolution
		HideSolutionNode = FALSE
	EndGlobalSection
	GlobalSection(ExtensibilityGlobals) = postSolution
		SolutionGuid = {21CFCE1A-C1F1-4D0A-8C6E-32819AAE1832}
	EndGlobalSection
EndGlobal
