
Microsoft Visual Studio Solution File, Format Version 12.00
# Visual Studio Version 16
VisualStudioVersion = 16.0.29025.244
MinimumVisualStudioVersion = 10.0.40219.1
Project("{FAE04EC0-301F-11D3-BF4B-00C04F79EFBC}") = "Extract-attachments", "Extract-attachments\Extract-attachments.csproj", "{DC925C2F-4DBA-44F2-B0EA-C48301BC4961}"
EndProject
Global
	GlobalSection(SolutionConfigurationPlatforms) = preSolution
		Debug|Any CPU = Debug|Any CPU
		Release|Any CPU = Release|Any CPU
	EndGlobalSection
	GlobalSection(ProjectConfigurationPlatforms) = postSolution
		{DC925C2F-4DBA-44F2-B0EA-C48301BC4961}.Debug|Any CPU.ActiveCfg = Debug|Any CPU
		{DC925C2F-4DBA-44F2-B0EA-C48301BC4961}.Debug|Any CPU.Build.0 = Debug|Any CPU
		{DC925C2F-4DBA-44F2-B0EA-C48301BC4961}.Release|Any CPU.ActiveCfg = Release|Any CPU
		{DC925C2F-4DBA-44F2-B0EA-C48301BC4961}.Release|Any CPU.Build.0 = Release|Any CPU
	EndGlobalSection
	GlobalSection(SolutionProperties) = preSolution
		HideSolutionNode = FALSE
	EndGlobalSection
	GlobalSection(ExtensibilityGlobals) = postSolution
		SolutionGuid = {534D84B0-6C20-493C-89B3-3BB74B7E8F12}
	EndGlobalSection
EndGlobal
