
Microsoft Visual Studio Solution File, Format Version 12.00
# Visual Studio Version 16
VisualStudioVersion = 16.0.29025.244
MinimumVisualStudioVersion = 10.0.40219.1
Project("{FAE04EC0-301F-11D3-BF4B-00C04F79EFBC}") = "Extrac-form", "Extrac-form\Extrac-form.csproj", "{2C644EB7-95F2-4A78-8962-B7EEB2ED1358}"
EndProject
Global
	GlobalSection(SolutionConfigurationPlatforms) = preSolution
		Debug|Any CPU = Debug|Any CPU
		Release|Any CPU = Release|Any CPU
	EndGlobalSection
	GlobalSection(ProjectConfigurationPlatforms) = postSolution
		{2C644EB7-95F2-4A78-8962-B7EEB2ED1358}.Debug|Any CPU.ActiveCfg = Debug|Any CPU
		{2C644EB7-95F2-4A78-8962-B7EEB2ED1358}.Debug|Any CPU.Build.0 = Debug|Any CPU
		{2C644EB7-95F2-4A78-8962-B7EEB2ED1358}.Release|Any CPU.ActiveCfg = Release|Any CPU
		{2C644EB7-95F2-4A78-8962-B7EEB2ED1358}.Release|Any CPU.Build.0 = Release|Any CPU
	EndGlobalSection
	GlobalSection(SolutionProperties) = preSolution
		HideSolutionNode = FALSE
	EndGlobalSection
	GlobalSection(ExtensibilityGlobals) = postSolution
		SolutionGuid = {65EC3510-7729-4FAC-A842-1ABC68579B21}
	EndGlobalSection
EndGlobal
