
Microsoft Visual Studio Solution File, Format Version 12.00
# Visual Studio Version 16
VisualStudioVersion = 16.0.29025.244
MinimumVisualStudioVersion = 10.0.40219.1
Project("{FAE04EC0-301F-11D3-BF4B-00C04F79EFBC}") = "Layout-based-text-extraction", "Layout-based-text-extraction\Layout-based-text-extraction.csproj", "{53F43B35-2969-445F-A049-0AF1CD4329D8}"
EndProject
Global
	GlobalSection(SolutionConfigurationPlatforms) = preSolution
		Debug|Any CPU = Debug|Any CPU
		Release|Any CPU = Release|Any CPU
	EndGlobalSection
	GlobalSection(ProjectConfigurationPlatforms) = postSolution
		{53F43B35-2969-445F-A049-0AF1CD4329D8}.Debug|Any CPU.ActiveCfg = Debug|Any CPU
		{53F43B35-2969-445F-A049-0AF1CD4329D8}.Debug|Any CPU.Build.0 = Debug|Any CPU
		{53F43B35-2969-445F-A049-0AF1CD4329D8}.Release|Any CPU.ActiveCfg = Release|Any CPU
		{53F43B35-2969-445F-A049-0AF1CD4329D8}.Release|Any CPU.Build.0 = Release|Any CPU
	EndGlobalSection
	GlobalSection(SolutionProperties) = preSolution
		HideSolutionNode = FALSE
	EndGlobalSection
	GlobalSection(ExtensibilityGlobals) = postSolution
		SolutionGuid = {3417886B-46B8-420F-9991-18F84B0DAE09}
	EndGlobalSection
EndGlobal
