
Microsoft Visual Studio Solution File, Format Version 12.00
# Visual Studio Version 16
VisualStudioVersion = 16.0.29025.244
MinimumVisualStudioVersion = 10.0.40219.1
Project("{FAE04EC0-301F-11D3-BF4B-00C04F79EFBC}") = "Extract-document-info", "Extract-document-info\Extract-document-info.csproj", "{C540D378-0895-414B-BA14-947CE2E00D8C}"
EndProject
Global
	GlobalSection(SolutionConfigurationPlatforms) = preSolution
		Debug|Any CPU = Debug|Any CPU
		Release|Any CPU = Release|Any CPU
	EndGlobalSection
	GlobalSection(ProjectConfigurationPlatforms) = postSolution
		{C540D378-0895-414B-BA14-947CE2E00D8C}.Debug|Any CPU.ActiveCfg = Debug|Any CPU
		{C540D378-0895-414B-BA14-947CE2E00D8C}.Debug|Any CPU.Build.0 = Debug|Any CPU
		{C540D378-0895-414B-BA14-947CE2E00D8C}.Release|Any CPU.ActiveCfg = Release|Any CPU
		{C540D378-0895-414B-BA14-947CE2E00D8C}.Release|Any CPU.Build.0 = Release|Any CPU
	EndGlobalSection
	GlobalSection(SolutionProperties) = preSolution
		HideSolutionNode = FALSE
	EndGlobalSection
	GlobalSection(ExtensibilityGlobals) = postSolution
		SolutionGuid = {F8EE5E08-CABB-40D1-9AC6-FACBF978766B}
	EndGlobalSection
EndGlobal
